
Microsoft Visual Studio Solution File, Format Version 12.00
# Visual Studio Version 17
VisualStudioVersion = 17.5.33516.290
MinimumVisualStudioVersion = 10.0.40219.1
Project("{9A19103F-16F7-4668-BE54-9A1E7A4F7556}") = "LibraBoekenBeheerder", "LibraBoekenBeheerder\LibraBoekenBeheerder.csproj", "{A07F0E70-AD3F-48D5-B96C-1BC5E9FBBA3C}"
EndProject
Project("{9A19103F-16F7-4668-BE54-9A1E7A4F7556}") = "LibraDB", "LibraDB\LibraDB.csproj", "{6B6722BF-8480-4FDD-AA1F-159ED784A6B5}"
EndProject
Project("{9A19103F-16F7-4668-BE54-9A1E7A4F7556}") = "LibraLogic", "LibraLogic\LibraLogic.csproj", "{AB90A174-123A-4B5A-90D6-BFF4BBA0CB3D}"
EndProject
Project("{9A19103F-16F7-4668-BE54-9A1E7A4F7556}") = "LibraDTO", "LibraDTO\LibraDTO.csproj", "{3CF87BAC-8C4A-4E8A-ACC9-6D585077C0B4}"
EndProject
Project("{FAE04EC0-301F-11D3-BF4B-00C04F79EFBC}") = "LibraFactory", "LibraFactory\LibraFactory.csproj", "{A248D8FB-1635-445B-8951-B9A76C0EFE2B}"
EndProject
Project("{FAE04EC0-301F-11D3-BF4B-00C04F79EFBC}") = "LibraInterface", "LibraInterface\LibraInterface.csproj", "{5EB489B2-067D-4200-AAC8-DD5A8A8D8CF3}"
EndProject
Project("{FAE04EC0-301F-11D3-BF4B-00C04F79EFBC}") = "LibraTest", "LibraTest\LibraTest.csproj", "{504FD02D-4B4C-4A26-AE87-5976C0ACD346}"
EndProject
Global
	GlobalSection(SolutionConfigurationPlatforms) = preSolution
		Debug|Any CPU = Debug|Any CPU
		Release|Any CPU = Release|Any CPU
	EndGlobalSection
	GlobalSection(ProjectConfigurationPlatforms) = postSolution
		{A07F0E70-AD3F-48D5-B96C-1BC5E9FBBA3C}.Debug|Any CPU.ActiveCfg = Debug|Any CPU
		{A07F0E70-AD3F-48D5-B96C-1BC5E9FBBA3C}.Debug|Any CPU.Build.0 = Debug|Any CPU
		{A07F0E70-AD3F-48D5-B96C-1BC5E9FBBA3C}.Release|Any CPU.ActiveCfg = Release|Any CPU
		{A07F0E70-AD3F-48D5-B96C-1BC5E9FBBA3C}.Release|Any CPU.Build.0 = Release|Any CPU
		{6B6722BF-8480-4FDD-AA1F-159ED784A6B5}.Debug|Any CPU.ActiveCfg = Debug|Any CPU
		{6B6722BF-8480-4FDD-AA1F-159ED784A6B5}.Debug|Any CPU.Build.0 = Debug|Any CPU
		{6B6722BF-8480-4FDD-AA1F-159ED784A6B5}.Release|Any CPU.ActiveCfg = Release|Any CPU
		{6B6722BF-8480-4FDD-AA1F-159ED784A6B5}.Release|Any CPU.Build.0 = Release|Any CPU
		{AB90A174-123A-4B5A-90D6-BFF4BBA0CB3D}.Debug|Any CPU.ActiveCfg = Debug|Any CPU
		{AB90A174-123A-4B5A-90D6-BFF4BBA0CB3D}.Debug|Any CPU.Build.0 = Debug|Any CPU
		{AB90A174-123A-4B5A-90D6-BFF4BBA0CB3D}.Release|Any CPU.ActiveCfg = Release|Any CPU
		{AB90A174-123A-4B5A-90D6-BFF4BBA0CB3D}.Release|Any CPU.Build.0 = Release|Any CPU
		{3CF87BAC-8C4A-4E8A-ACC9-6D585077C0B4}.Debug|Any CPU.ActiveCfg = Debug|Any CPU
		{3CF87BAC-8C4A-4E8A-ACC9-6D585077C0B4}.Debug|Any CPU.Build.0 = Debug|Any CPU
		{3CF87BAC-8C4A-4E8A-ACC9-6D585077C0B4}.Release|Any CPU.ActiveCfg = Release|Any CPU
		{3CF87BAC-8C4A-4E8A-ACC9-6D585077C0B4}.Release|Any CPU.Build.0 = Release|Any CPU
		{A248D8FB-1635-445B-8951-B9A76C0EFE2B}.Debug|Any CPU.ActiveCfg = Debug|Any CPU
		{A248D8FB-1635-445B-8951-B9A76C0EFE2B}.Debug|Any CPU.Build.0 = Debug|Any CPU
		{A248D8FB-1635-445B-8951-B9A76C0EFE2B}.Release|Any CPU.ActiveCfg = Release|Any CPU
		{A248D8FB-1635-445B-8951-B9A76C0EFE2B}.Release|Any CPU.Build.0 = Release|Any CPU
		{5EB489B2-067D-4200-AAC8-DD5A8A8D8CF3}.Debug|Any CPU.ActiveCfg = Debug|Any CPU
		{5EB489B2-067D-4200-AAC8-DD5A8A8D8CF3}.Debug|Any CPU.Build.0 = Debug|Any CPU
		{5EB489B2-067D-4200-AAC8-DD5A8A8D8CF3}.Release|Any CPU.ActiveCfg = Release|Any CPU
		{5EB489B2-067D-4200-AAC8-DD5A8A8D8CF3}.Release|Any CPU.Build.0 = Release|Any CPU
		{504FD02D-4B4C-4A26-AE87-5976C0ACD346}.Debug|Any CPU.ActiveCfg = Debug|Any CPU
		{504FD02D-4B4C-4A26-AE87-5976C0ACD346}.Debug|Any CPU.Build.0 = Debug|Any CPU
		{504FD02D-4B4C-4A26-AE87-5976C0ACD346}.Release|Any CPU.ActiveCfg = Release|Any CPU
		{504FD02D-4B4C-4A26-AE87-5976C0ACD346}.Release|Any CPU.Build.0 = Release|Any CPU
	EndGlobalSection
	GlobalSection(SolutionProperties) = preSolution
		HideSolutionNode = FALSE
	EndGlobalSection
	GlobalSection(ExtensibilityGlobals) = postSolution
		SolutionGuid = {47DD292F-7AA8-4968-ABE5-99AF130E7F06}
	EndGlobalSection
EndGlobal
